
Microsoft Visual Studio Solution File, Format Version 12.00
# Visual Studio Version 17
VisualStudioVersion = 17.6.33829.357
MinimumVisualStudioVersion = 10.0.40219.1
Project("{FAE04EC0-301F-11D3-BF4B-00C04F79EFBC}") = "JWTAPI", "JWTAPI\JWTAPI.csproj", "{FD53D145-5BE4-48AA-9264-17AED53A1386}"
EndProject
Project("{FAE04EC0-301F-11D3-BF4B-00C04F79EFBC}") = "CoreLayer", "CoreLayer\CoreLayer.csproj", "{43C7A81A-34BE-4780-898B-EDE06688682F}"
EndProject
Project("{FAE04EC0-301F-11D3-BF4B-00C04F79EFBC}") = "ServiceLayer", "ServiceLayer\ServiceLayer.csproj", "{A2665C02-13D0-45EA-A211-BDF88CABBED0}"
EndProject
Project("{FAE04EC0-301F-11D3-BF4B-00C04F79EFBC}") = "DataLayer", "DataLayer\DataLayer.csproj", "{7586DBBC-F935-493F-826A-BF1046D9ED12}"
EndProject
Project("{FAE04EC0-301F-11D3-BF4B-00C04F79EFBC}") = "MiniApp1.API", "MiniApp1.API\MiniApp1.API.csproj", "{A7E88DF5-A7F8-4A1F-8AE6-F912BD79EEA5}"
EndProject
Project("{FAE04EC0-301F-11D3-BF4B-00C04F79EFBC}") = "MiniApp2.API", "MiniApp2.API\MiniApp2.API.csproj", "{7AD5CC7E-3F69-4F8C-B503-F7DCFC89AD48}"
EndProject
Project("{FAE04EC0-301F-11D3-BF4B-00C04F79EFBC}") = "MiniApp3.API", "MiniApp3.API\MiniApp3.API.csproj", "{F1EE4AEA-C241-48A6-A04D-254B70065A89}"
EndProject
Project("{FAE04EC0-301F-11D3-BF4B-00C04F79EFBC}") = "SharedLibrary", "SharedLibrary\SharedLibrary.csproj", "{DDC7E43E-D368-4C57-AE0D-79B7B9AC4A51}"
EndProject
Global
	GlobalSection(SolutionConfigurationPlatforms) = preSolution
		Debug|Any CPU = Debug|Any CPU
		Release|Any CPU = Release|Any CPU
	EndGlobalSection
	GlobalSection(ProjectConfigurationPlatforms) = postSolution
		{FD53D145-5BE4-48AA-9264-17AED53A1386}.Debug|Any CPU.ActiveCfg = Debug|Any CPU
		{FD53D145-5BE4-48AA-9264-17AED53A1386}.Debug|Any CPU.Build.0 = Debug|Any CPU
		{FD53D145-5BE4-48AA-9264-17AED53A1386}.Release|Any CPU.ActiveCfg = Release|Any CPU
		{FD53D145-5BE4-48AA-9264-17AED53A1386}.Release|Any CPU.Build.0 = Release|Any CPU
		{43C7A81A-34BE-4780-898B-EDE06688682F}.Debug|Any CPU.ActiveCfg = Debug|Any CPU
		{43C7A81A-34BE-4780-898B-EDE06688682F}.Debug|Any CPU.Build.0 = Debug|Any CPU
		{43C7A81A-34BE-4780-898B-EDE06688682F}.Release|Any CPU.ActiveCfg = Release|Any CPU
		{43C7A81A-34BE-4780-898B-EDE06688682F}.Release|Any CPU.Build.0 = Release|Any CPU
		{A2665C02-13D0-45EA-A211-BDF88CABBED0}.Debug|Any CPU.ActiveCfg = Debug|Any CPU
		{A2665C02-13D0-45EA-A211-BDF88CABBED0}.Debug|Any CPU.Build.0 = Debug|Any CPU
		{A2665C02-13D0-45EA-A211-BDF88CABBED0}.Release|Any CPU.ActiveCfg = Release|Any CPU
		{A2665C02-13D0-45EA-A211-BDF88CABBED0}.Release|Any CPU.Build.0 = Release|Any CPU
		{7586DBBC-F935-493F-826A-BF1046D9ED12}.Debug|Any CPU.ActiveCfg = Debug|Any CPU
		{7586DBBC-F935-493F-826A-BF1046D9ED12}.Debug|Any CPU.Build.0 = Debug|Any CPU
		{7586DBBC-F935-493F-826A-BF1046D9ED12}.Release|Any CPU.ActiveCfg = Release|Any CPU
		{7586DBBC-F935-493F-826A-BF1046D9ED12}.Release|Any CPU.Build.0 = Release|Any CPU
		{A7E88DF5-A7F8-4A1F-8AE6-F912BD79EEA5}.Debug|Any CPU.ActiveCfg = Debug|Any CPU
		{A7E88DF5-A7F8-4A1F-8AE6-F912BD79EEA5}.Debug|Any CPU.Build.0 = Debug|Any CPU
		{A7E88DF5-A7F8-4A1F-8AE6-F912BD79EEA5}.Release|Any CPU.ActiveCfg = Release|Any CPU
		{A7E88DF5-A7F8-4A1F-8AE6-F912BD79EEA5}.Release|Any CPU.Build.0 = Release|Any CPU
		{7AD5CC7E-3F69-4F8C-B503-F7DCFC89AD48}.Debug|Any CPU.ActiveCfg = Debug|Any CPU
		{7AD5CC7E-3F69-4F8C-B503-F7DCFC89AD48}.Debug|Any CPU.Build.0 = Debug|Any CPU
		{7AD5CC7E-3F69-4F8C-B503-F7DCFC89AD48}.Release|Any CPU.ActiveCfg = Release|Any CPU
		{7AD5CC7E-3F69-4F8C-B503-F7DCFC89AD48}.Release|Any CPU.Build.0 = Release|Any CPU
		{F1EE4AEA-C241-48A6-A04D-254B70065A89}.Debug|Any CPU.ActiveCfg = Debug|Any CPU
		{F1EE4AEA-C241-48A6-A04D-254B70065A89}.Debug|Any CPU.Build.0 = Debug|Any CPU
		{F1EE4AEA-C241-48A6-A04D-254B70065A89}.Release|Any CPU.ActiveCfg = Release|Any CPU
		{F1EE4AEA-C241-48A6-A04D-254B70065A89}.Release|Any CPU.Build.0 = Release|Any CPU
		{DDC7E43E-D368-4C57-AE0D-79B7B9AC4A51}.Debug|Any CPU.ActiveCfg = Debug|Any CPU
		{DDC7E43E-D368-4C57-AE0D-79B7B9AC4A51}.Debug|Any CPU.Build.0 = Debug|Any CPU
		{DDC7E43E-D368-4C57-AE0D-79B7B9AC4A51}.Release|Any CPU.ActiveCfg = Release|Any CPU
		{DDC7E43E-D368-4C57-AE0D-79B7B9AC4A51}.Release|Any CPU.Build.0 = Release|Any CPU
	EndGlobalSection
	GlobalSection(SolutionProperties) = preSolution
		HideSolutionNode = FALSE
	EndGlobalSection
	GlobalSection(ExtensibilityGlobals) = postSolution
		SolutionGuid = {A440D891-385D-47E3-A2A6-16D27B9E13CE}
	EndGlobalSection
EndGlobal
